<?xml version="1.0" encoding="utf-8"?>
<Project ToolsVersion="4.0" xmlns="http://schemas.microsoft.com/developer/msbuild/2003">
  <ItemGroup>
    <Filter Include="原始程式檔">
      <UniqueIdentifier>{4FC737F1-C7A5-4376-A066-2A32D752A2FF}</UniqueIdentifier>
      <Extensions>cpp;c;cc;cxx;def;odl;idl;hpj;bat;asm;asmx</Extensions>
    </Filter>
    <Filter Include="標頭檔">
      <UniqueIdentifier>{93995380-89BD-4b04-88EB-625FBE52EBFB}</UniqueIdentifier>
      <Extensions>h;hpp;hxx;hm;inl;inc;xsd</Extensions>
    </Filter>
    <Filter Include="資源檔">
      <UniqueIdentifier>{67DA6AB6-F800-4c08-8B7A-83BB121AAD01}</UniqueIdentifier>
      <Extensions>rc;ico;cur;bmp;dlg;rc2;rct;bin;rgs;gif;jpg;jpeg;jpe;resx;tiff;tif;png;wav;mfcribbon-ms</Extensions>
    </Filter>
    <Filter Include="Common">
      <UniqueIdentifier>{64b3f585-4a68-4685-a73c-5070ab695b8c}</UniqueIdentifier>
    </Filter>
    <Filter Include="HW">
      <UniqueIdentifier>{7196e806-3cdb-41cb-96b9-8bb3c9a3138c}</UniqueIdentifier>
    </Filter>
    <Filter Include="HW\Utils">
      <UniqueIdentifier>{f33af3f2-63e2-4962-bcb1-2f30a7524a17}</UniqueIdentifier>
    </Filter>
  </ItemGroup>
  <ItemGroup>
    <ClInclude Include="Header\Angel.h">
      <Filter>標頭檔</Filter>
    </ClInclude>
    <ClInclude Include="Header\CheckError.h">
      <Filter>標頭檔</Filter>
    </ClInclude>
    <ClInclude Include="Header\mat.h">
      <Filter>標頭檔</Filter>
    </ClInclude>
    <ClInclude Include="Header\vec.h">
      <Filter>標頭檔</Filter>
    </ClInclude>
    <ClInclude Include="Common\CLineSegment.h">
      <Filter>Common</Filter>
    </ClInclude>
    <ClInclude Include="Common\CQuad.h">
      <Filter>Common</Filter>
    </ClInclude>
    <ClInclude Include="Common\CShape.h">
      <Filter>Common</Filter>
    </ClInclude>
    <ClInclude Include="Common\CSolidCube.h">
      <Filter>Common</Filter>
    </ClInclude>
    <ClInclude Include="Common\CSolidSphere.h">
      <Filter>Common</Filter>
    </ClInclude>
    <ClInclude Include="Common\CWireCube.h">
      <Filter>Common</Filter>
    </ClInclude>
    <ClInclude Include="Common\CWireSphere.h">
      <Filter>Common</Filter>
    </ClInclude>
    <ClInclude Include="Common\Timer.h">
      <Filter>Common</Filter>
    </ClInclude>
    <ClInclude Include="Common\CChecker.h">
      <Filter>Common</Filter>
    </ClInclude>
    <ClInclude Include="Common\TypeDefine.h">
      <Filter>Common</Filter>
    </ClInclude>
    <ClInclude Include="Common\CCamera.h">
      <Filter>Common</Filter>
    </ClInclude>
    <ClInclude Include="HW\Scene.h">
      <Filter>HW</Filter>
    </ClInclude>
    <ClInclude Include="HW\Utils\Input.h">
      <Filter>HW\Utils</Filter>
    </ClInclude>
  </ItemGroup>
  <ItemGroup>
    <ClCompile Include="Common\CLineSegment.cpp">
      <Filter>Common</Filter>
    </ClCompile>
    <ClCompile Include="Common\common.cpp">
      <Filter>Common</Filter>
    </ClCompile>
    <ClCompile Include="Common\CQuad.cpp">
      <Filter>Common</Filter>
    </ClCompile>
    <ClCompile Include="Common\CShape.cpp">
      <Filter>Common</Filter>
    </ClCompile>
    <ClCompile Include="Common\CSolidCube.cpp">
      <Filter>Common</Filter>
    </ClCompile>
    <ClCompile Include="Common\CSolidSphere.cpp">
      <Filter>Common</Filter>
    </ClCompile>
    <ClCompile Include="Common\CWireCube.cpp">
      <Filter>Common</Filter>
    </ClCompile>
    <ClCompile Include="Common\CWireSphere.cpp">
      <Filter>Common</Filter>
    </ClCompile>
    <ClCompile Include="Common\Timer.cpp">
      <Filter>Common</Filter>
    </ClCompile>
    <ClCompile Include="InitShader.cpp">
      <Filter>原始程式檔</Filter>
    </ClCompile>
    <ClCompile Include="Common\CChecker.cpp">
      <Filter>Common</Filter>
    </ClCompile>
    <ClCompile Include="Common\CCamera.cpp">
      <Filter>Common</Filter>
    </ClCompile>
    <ClCompile Include="Example4.cpp">
      <Filter>原始程式檔</Filter>
    </ClCompile>
    <ClCompile Include="HW\Scene.cpp">
      <Filter>HW</Filter>
    </ClCompile>
    <ClCompile Include="HW\Utils\Input.cpp">
      <Filter>HW\Utils</Filter>
    </ClCompile>
  </ItemGroup>
  <ItemGroup>
    <None Include="fsLighting_CPU.glsl">
      <Filter>原始程式檔</Filter>
    </None>
    <None Include="vsLighting_CPU.glsl">
      <Filter>原始程式檔</Filter>
    </None>
    <None Include="fsLighting_GPU.glsl">
      <Filter>原始程式檔</Filter>
    </None>
    <None Include="vsLighting_GPU.glsl">
      <Filter>原始程式檔</Filter>
    </None>
    <None Include="fsPerPixelLighting.glsl">
      <Filter>原始程式檔</Filter>
    </None>
    <None Include="vsPerPixelLighting.glsl">
      <Filter>原始程式檔</Filter>
    </None>
    <None Include="fsVtxColor.glsl">
      <Filter>原始程式檔</Filter>
    </None>
    <None Include="vsVtxColor.glsl">
      <Filter>原始程式檔</Filter>
    </None>
  </ItemGroup>
</Project>